
Microsoft Visual Studio Solution File, Format Version 12.00
# Visual Studio Version 16
VisualStudioVersion = 16.0.30523.141
MinimumVisualStudioVersion = 10.0.40219.1
Project("{FAE04EC0-301F-11D3-BF4B-00C04F79EFBC}") = "XF.LocalDB.Android", "XF.LocalDB\XF.LocalDB.Android\XF.LocalDB.Android.csproj", "{1CCE7D9E-5235-406B-A2D4-1AF2338D8174}"
EndProject
Project("{FAE04EC0-301F-11D3-BF4B-00C04F79EFBC}") = "XF.LocalDB", "XF.LocalDB\XF.LocalDB\XF.LocalDB.csproj", "{BD4029D6-8950-4A86-962C-54D0A72E40EB}"
EndProject
Global
	GlobalSection(SolutionConfigurationPlatforms) = preSolution
		Debug|Any CPU = Debug|Any CPU
		Release|Any CPU = Release|Any CPU
	EndGlobalSection
	GlobalSection(ProjectConfigurationPlatforms) = postSolution
		{1CCE7D9E-5235-406B-A2D4-1AF2338D8174}.Debug|Any CPU.ActiveCfg = Debug|Any CPU
		{1CCE7D9E-5235-406B-A2D4-1AF2338D8174}.Debug|Any CPU.Build.0 = Debug|Any CPU
		{1CCE7D9E-5235-406B-A2D4-1AF2338D8174}.Debug|Any CPU.Deploy.0 = Debug|Any CPU
		{1CCE7D9E-5235-406B-A2D4-1AF2338D8174}.Release|Any CPU.ActiveCfg = Release|Any CPU
		{1CCE7D9E-5235-406B-A2D4-1AF2338D8174}.Release|Any CPU.Build.0 = Release|Any CPU
		{1CCE7D9E-5235-406B-A2D4-1AF2338D8174}.Release|Any CPU.Deploy.0 = Release|Any CPU
		{BD4029D6-8950-4A86-962C-54D0A72E40EB}.Debug|Any CPU.ActiveCfg = Debug|Any CPU
		{BD4029D6-8950-4A86-962C-54D0A72E40EB}.Debug|Any CPU.Build.0 = Debug|Any CPU
		{BD4029D6-8950-4A86-962C-54D0A72E40EB}.Debug|Any CPU.Deploy.0 = Debug|Any CPU
		{BD4029D6-8950-4A86-962C-54D0A72E40EB}.Release|Any CPU.ActiveCfg = Release|Any CPU
		{BD4029D6-8950-4A86-962C-54D0A72E40EB}.Release|Any CPU.Build.0 = Release|Any CPU
		{BD4029D6-8950-4A86-962C-54D0A72E40EB}.Release|Any CPU.Deploy.0 = Release|Any CPU
	EndGlobalSection
	GlobalSection(SolutionProperties) = preSolution
		HideSolutionNode = FALSE
	EndGlobalSection
	GlobalSection(ExtensibilityGlobals) = postSolution
		SolutionGuid = {6C0BC915-517A-4F04-B240-EF973E918B9C}
	EndGlobalSection
EndGlobal
